
Microsoft Visual Studio Solution File, Format Version 12.00
# Visual Studio 15
VisualStudioVersion = 15.0.28307.168
MinimumVisualStudioVersion = 10.0.40219.1
Project("{FAE04EC0-301F-11D3-BF4B-00C04F79EFBC}") = "ToDoListApplication", "ToDoListApplication\ToDoListApplication.csproj", "{F7847EDA-2B12-484D-B43D-C5B23A6A883B}"
EndProject
Project("{FAE04EC0-301F-11D3-BF4B-00C04F79EFBC}") = "DAL", "DAL\DAL.csproj", "{546B8FB7-BABA-4619-BF61-D9857037CEBA}"
EndProject
Project("{FAE04EC0-301F-11D3-BF4B-00C04F79EFBC}") = "Services", "Services\Services.csproj", "{9F115B1B-18C1-4922-9FDB-648A1276B570}"
EndProject
Global
	GlobalSection(SolutionConfigurationPlatforms) = preSolution
		Debug|Any CPU = Debug|Any CPU
		Release|Any CPU = Release|Any CPU
	EndGlobalSection
	GlobalSection(ProjectConfigurationPlatforms) = postSolution
		{F7847EDA-2B12-484D-B43D-C5B23A6A883B}.Debug|Any CPU.ActiveCfg = Debug|Any CPU
		{F7847EDA-2B12-484D-B43D-C5B23A6A883B}.Debug|Any CPU.Build.0 = Debug|Any CPU
		{F7847EDA-2B12-484D-B43D-C5B23A6A883B}.Release|Any CPU.ActiveCfg = Release|Any CPU
		{F7847EDA-2B12-484D-B43D-C5B23A6A883B}.Release|Any CPU.Build.0 = Release|Any CPU
		{546B8FB7-BABA-4619-BF61-D9857037CEBA}.Debug|Any CPU.ActiveCfg = Debug|Any CPU
		{546B8FB7-BABA-4619-BF61-D9857037CEBA}.Debug|Any CPU.Build.0 = Debug|Any CPU
		{546B8FB7-BABA-4619-BF61-D9857037CEBA}.Release|Any CPU.ActiveCfg = Release|Any CPU
		{546B8FB7-BABA-4619-BF61-D9857037CEBA}.Release|Any CPU.Build.0 = Release|Any CPU
		{9F115B1B-18C1-4922-9FDB-648A1276B570}.Debug|Any CPU.ActiveCfg = Debug|Any CPU
		{9F115B1B-18C1-4922-9FDB-648A1276B570}.Debug|Any CPU.Build.0 = Debug|Any CPU
		{9F115B1B-18C1-4922-9FDB-648A1276B570}.Release|Any CPU.ActiveCfg = Release|Any CPU
		{9F115B1B-18C1-4922-9FDB-648A1276B570}.Release|Any CPU.Build.0 = Release|Any CPU
	EndGlobalSection
	GlobalSection(SolutionProperties) = preSolution
		HideSolutionNode = FALSE
	EndGlobalSection
	GlobalSection(ExtensibilityGlobals) = postSolution
		SolutionGuid = {51FEC2ED-19CB-414B-8F78-705C7EF985E8}
	EndGlobalSection
EndGlobal
